// !$*UTF8*$!
{
	archiveVersion = 1;
	classes = {
	};
	objectVersion = 56;
	objects = {

/* Begin PBXBuildFile section */
		9DE4FB1129E1E4910017E7B5 /* ResizableHeaderSwiftUIApp.swift in Sources */ = {isa = PBXBuildFile; fileRef = 9DE4FB1029E1E4910017E7B5 /* ResizableHeaderSwiftUIApp.swift */; };
		9DE4FB1329E1E4910017E7B5 /* ContentView.swift in Sources */ = {isa = PBXBuildFile; fileRef = 9DE4FB1229E1E4910017E7B5 /* ContentView.swift */; };
		9DE4FB1529E1E4940017E7B5 /* Assets.xcassets in Resources */ = {isa = PBXBuildFile; fileRef = 9DE4FB1429E1E4940017E7B5 /* Assets.xcassets */; };
		9DE4FB1829E1E4940017E7B5 /* Preview Assets.xcassets in Resources */ = {isa = PBXBuildFile; fileRef = 9DE4FB1729E1E4940017E7B5 /* Preview Assets.xcassets */; };
		9DE4FB2129E1F7660017E7B5 /* Home.swift in Sources */ = {isa = PBXBuildFile; fileRef = 9DE4FB2029E1F7660017E7B5 /* Home.swift */; };
		9DE4FB2329E1F7CB0017E7B5 /* Header.swift in Sources */ = {isa = PBXBuildFile; fileRef = 9DE4FB2229E1F7CB0017E7B5 /* Header.swift */; };
		9DE4FB2829E1F8A70017E7B5 /* TabOne.swift in Sources */ = {isa = PBXBuildFile; fileRef = 9DE4FB2729E1F8A70017E7B5 /* TabOne.swift */; };
		9DE4FB2A29E1F8EC0017E7B5 /* Cell.swift in Sources */ = {isa = PBXBuildFile; fileRef = 9DE4FB2929E1F8EC0017E7B5 /* Cell.swift */; };
		9DE4FB2C29E1F9360017E7B5 /* TabTwo.swift in Sources */ = {isa = PBXBuildFile; fileRef = 9DE4FB2B29E1F9360017E7B5 /* TabTwo.swift */; };
		9DE4FB2E29E1F95B0017E7B5 /* TabThree.swift in Sources */ = {isa = PBXBuildFile; fileRef = 9DE4FB2D29E1F95B0017E7B5 /* TabThree.swift */; };
/* End PBXBuildFile section */

/* Begin PBXFileReference section */
		9DE4FB0D29E1E4910017E7B5 /* ResizableHeaderSwiftUI.app */ = {isa = PBXFileReference; explicitFileType = wrapper.application; includeInIndex = 0; path = ResizableHeaderSwiftUI.app; sourceTree = BUILT_PRODUCTS_DIR; };
		9DE4FB1029E1E4910017E7B5 /* ResizableHeaderSwiftUIApp.swift */ = {isa = PBXFileReference; lastKnownFileType = sourcecode.swift; path = ResizableHeaderSwiftUIApp.swift; sourceTree = "<group>"; };
		9DE4FB1229E1E4910017E7B5 /* ContentView.swift */ = {isa = PBXFileReference; lastKnownFileType = sourcecode.swift; path = ContentView.swift; sourceTree = "<group>"; };
		9DE4FB1429E1E4940017E7B5 /* Assets.xcassets */ = {isa = PBXFileReference; lastKnownFileType = folder.assetcatalog; path = Assets.xcassets; sourceTree = "<group>"; };
		9DE4FB1729E1E4940017E7B5 /* Preview Assets.xcassets */ = {isa = PBXFileReference; lastKnownFileType = folder.assetcatalog; path = "Preview Assets.xcassets"; sourceTree = "<group>"; };
		9DE4FB2029E1F7660017E7B5 /* Home.swift */ = {isa = PBXFileReference; lastKnownFileType = sourcecode.swift; path = Home.swift; sourceTree = "<group>"; };
		9DE4FB2229E1F7CB0017E7B5 /* Header.swift */ = {isa = PBXFileReference; lastKnownFileType = sourcecode.swift; path = Header.swift; sourceTree = "<group>"; };
		9DE4FB2729E1F8A70017E7B5 /* TabOne.swift */ = {isa = PBXFileReference; lastKnownFileType = sourcecode.swift; path = TabOne.swift; sourceTree = "<group>"; };
		9DE4FB2929E1F8EC0017E7B5 /* Cell.swift */ = {isa = PBXFileReference; lastKnownFileType = sourcecode.swift; path = Cell.swift; sourceTree = "<group>"; };
		9DE4FB2B29E1F9360017E7B5 /* TabTwo.swift */ = {isa = PBXFileReference; lastKnownFileType = sourcecode.swift; path = TabTwo.swift; sourceTree = "<group>"; };
		9DE4FB2D29E1F95B0017E7B5 /* TabThree.swift */ = {isa = PBXFileReference; lastKnownFileType = sourcecode.swift; path = TabThree.swift; sourceTree = "<group>"; };
/* End PBXFileReference section */

/* Begin PBXFrameworksBuildPhase section */
		9DE4FB0A29E1E4910017E7B5 /* Frameworks */ = {
			isa = PBXFrameworksBuildPhase;
			buildActionMask = 2147483647;
			files = (
			);
			runOnlyForDeploymentPostprocessing = 0;
		};
/* End PBXFrameworksBuildPhase section */

/* Begin PBXGroup section */
		9DC9E67729E2030D006D6C81 /* Cell */ = {
			isa = PBXGroup;
			children = (
				9DE4FB2929E1F8EC0017E7B5 /* Cell.swift */,
			);
			path = Cell;
			sourceTree = "<group>";
		};
		9DC9E67829E205A9006D6C81 /* Tabs */ = {
			isa = PBXGroup;
			children = (
				9DE4FB2629E1F8670017E7B5 /* TabOne */,
				9DE4FB2529E1F8640017E7B5 /* TabTwo */,
				9DE4FB2429E1F8620017E7B5 /* TabThree */,
			);
			path = Tabs;
			sourceTree = "<group>";
		};
		9DE4FB0429E1E4910017E7B5 = {
			isa = PBXGroup;
			children = (
				9DE4FB0F29E1E4910017E7B5 /* ResizableHeaderSwiftUI */,
				9DE4FB0E29E1E4910017E7B5 /* Products */,
			);
			sourceTree = "<group>";
		};
		9DE4FB0E29E1E4910017E7B5 /* Products */ = {
			isa = PBXGroup;
			children = (
				9DE4FB0D29E1E4910017E7B5 /* ResizableHeaderSwiftUI.app */,
			);
			name = Products;
			sourceTree = "<group>";
		};
		9DE4FB0F29E1E4910017E7B5 /* ResizableHeaderSwiftUI */ = {
			isa = PBXGroup;
			children = (
				9DE4FB1F29E1F71D0017E7B5 /* Home */,
				9DE4FB1E29E1F7150017E7B5 /* Header */,
				9DC9E67829E205A9006D6C81 /* Tabs */,
				9DC9E67729E2030D006D6C81 /* Cell */,
				9DE4FB1029E1E4910017E7B5 /* ResizableHeaderSwiftUIApp.swift */,
				9DE4FB1229E1E4910017E7B5 /* ContentView.swift */,
				9DE4FB1429E1E4940017E7B5 /* Assets.xcassets */,
				9DE4FB1629E1E4940017E7B5 /* Preview Content */,
			);
			path = ResizableHeaderSwiftUI;
			sourceTree = "<group>";
		};
		9DE4FB1629E1E4940017E7B5 /* Preview Content */ = {
			isa = PBXGroup;
			children = (
				9DE4FB1729E1E4940017E7B5 /* Preview Assets.xcassets */,
			);
			path = "Preview Content";
			sourceTree = "<group>";
		};
		9DE4FB1E29E1F7150017E7B5 /* Header */ = {
			isa = PBXGroup;
			children = (
				9DE4FB2229E1F7CB0017E7B5 /* Header.swift */,
			);
			path = Header;
			sourceTree = "<group>";
		};
		9DE4FB1F29E1F71D0017E7B5 /* Home */ = {
			isa = PBXGroup;
			children = (
				9DE4FB2029E1F7660017E7B5 /* Home.swift */,
			);
			path = Home;
			sourceTree = "<group>";
		};
		9DE4FB2429E1F8620017E7B5 /* TabThree */ = {
			isa = PBXGroup;
			children = (
				9DE4FB2D29E1F95B0017E7B5 /* TabThree.swift */,
			);
			path = TabThree;
			sourceTree = "<group>";
		};
		9DE4FB2529E1F8640017E7B5 /* TabTwo */ = {
			isa = PBXGroup;
			children = (
				9DE4FB2B29E1F9360017E7B5 /* TabTwo.swift */,
			);
			path = TabTwo;
			sourceTree = "<group>";
		};
		9DE4FB2629E1F8670017E7B5 /* TabOne */ = {
			isa = PBXGroup;
			children = (
				9DE4FB2729E1F8A70017E7B5 /* TabOne.swift */,
			);
			path = TabOne;
			sourceTree = "<group>";
		};
/* End PBXGroup section */

/* Begin PBXNativeTarget section */
		9DE4FB0C29E1E4910017E7B5 /* ResizableHeaderSwiftUI */ = {
			isa = PBXNativeTarget;
			buildConfigurationList = 9DE4FB1B29E1E4940017E7B5 /* Build configuration list for PBXNativeTarget "ResizableHeaderSwiftUI" */;
			buildPhases = (
				9DE4FB0929E1E4910017E7B5 /* Sources */,
				9DE4FB0A29E1E4910017E7B5 /* Frameworks */,
				9DE4FB0B29E1E4910017E7B5 /* Resources */,
			);
			buildRules = (
			);
			dependencies = (
			);
			name = ResizableHeaderSwiftUI;
			productName = ResizableHeaderSwiftUI;
			productReference = 9DE4FB0D29E1E4910017E7B5 /* ResizableHeaderSwiftUI.app */;
			productType = "com.apple.product-type.application";
		};
/* End PBXNativeTarget section */

/* Begin PBXProject section */
		9DE4FB0529E1E4910017E7B5 /* Project object */ = {
			isa = PBXProject;
			attributes = {
				BuildIndependentTargetsInParallel = 1;
				LastSwiftUpdateCheck = 1420;
				LastUpgradeCheck = 1420;
				TargetAttributes = {
					9DE4FB0C29E1E4910017E7B5 = {
						CreatedOnToolsVersion = 14.2;
					};
				};
			};
			buildConfigurationList = 9DE4FB0829E1E4910017E7B5 /* Build configuration list for PBXProject "ResizableHeaderSwiftUI" */;
			compatibilityVersion = "Xcode 14.0";
			developmentRegion = en;
			hasScannedForEncodings = 0;
			knownRegions = (
				en,
				Base,
			);
			mainGroup = 9DE4FB0429E1E4910017E7B5;
			productRefGroup = 9DE4FB0E29E1E4910017E7B5 /* Products */;
			projectDirPath = "";
			projectRoot = "";
			targets = (
				9DE4FB0C29E1E4910017E7B5 /* ResizableHeaderSwiftUI */,
			);
		};
/* End PBXProject section */

/* Begin PBXResourcesBuildPhase section */
		9DE4FB0B29E1E4910017E7B5 /* Resources */ = {
			isa = PBXResourcesBuildPhase;
			buildActionMask = 2147483647;
			files = (
				9DE4FB1829E1E4940017E7B5 /* Preview Assets.xcassets in Resources */,
				9DE4FB1529E1E4940017E7B5 /* Assets.xcassets in Resources */,
			);
			runOnlyForDeploymentPostprocessing = 0;
		};
/* End PBXResourcesBuildPhase section */

/* Begin PBXSourcesBuildPhase section */
		9DE4FB0929E1E4910017E7B5 /* Sources */ = {
			isa = PBXSourcesBuildPhase;
			buildActionMask = 2147483647;
			files = (
				9DE4FB2329E1F7CB0017E7B5 /* Header.swift in Sources */,
				9DE4FB1329E1E4910017E7B5 /* ContentView.swift in Sources */,
				9DE4FB2C29E1F9360017E7B5 /* TabTwo.swift in Sources */,
				9DE4FB2129E1F7660017E7B5 /* Home.swift in Sources */,
				9DE4FB1129E1E4910017E7B5 /* ResizableHeaderSwiftUIApp.swift in Sources */,
				9DE4FB2E29E1F95B0017E7B5 /* TabThree.swift in Sources */,
				9DE4FB2829E1F8A70017E7B5 /* TabOne.swift in Sources */,
				9DE4FB2A29E1F8EC0017E7B5 /* Cell.swift in Sources */,
			);
			runOnlyForDeploymentPostprocessing = 0;
		};
/* End PBXSourcesBuildPhase section */

/* Begin XCBuildConfiguration section */
		9DE4FB1929E1E4940017E7B5 /* Debug */ = {
			isa = XCBuildConfiguration;
			buildSettings = {
				ALWAYS_SEARCH_USER_PATHS = NO;
				CLANG_ANALYZER_NONNULL = YES;
				CLANG_ANALYZER_NUMBER_OBJECT_CONVERSION = YES_AGGRESSIVE;
				CLANG_CXX_LANGUAGE_STANDARD = "gnu++20";
				CLANG_ENABLE_MODULES = YES;
				CLANG_ENABLE_OBJC_ARC = YES;
				CLANG_ENABLE_OBJC_WEAK = YES;
				CLANG_WARN_BLOCK_CAPTURE_AUTORELEASING = YES;
				CLANG_WARN_BOOL_CONVERSION = YES;
				CLANG_WARN_COMMA = YES;
				CLANG_WARN_CONSTANT_CONVERSION = YES;
				CLANG_WARN_DEPRECATED_OBJC_IMPLEMENTATIONS = YES;
				CLANG_WARN_DIRECT_OBJC_ISA_USAGE = YES_ERROR;
				CLANG_WARN_DOCUMENTATION_COMMENTS = YES;
				CLANG_WARN_EMPTY_BODY = YES;
				CLANG_WARN_ENUM_CONVERSION = YES;
				CLANG_WARN_INFINITE_RECURSION = YES;
				CLANG_WARN_INT_CONVERSION = YES;
				CLANG_WARN_NON_LITERAL_NULL_CONVERSION = YES;
				CLANG_WARN_OBJC_IMPLICIT_RETAIN_SELF = YES;
				CLANG_WARN_OBJC_LITERAL_CONVERSION = YES;
				CLANG_WARN_OBJC_ROOT_CLASS = YES_ERROR;
				CLANG_WARN_QUOTED_INCLUDE_IN_FRAMEWORK_HEADER = YES;
				CLANG_WARN_RANGE_LOOP_ANALYSIS = YES;
				CLANG_WARN_STRICT_PROTOTYPES = YES;
				CLANG_WARN_SUSPICIOUS_MOVE = YES;
				CLANG_WARN_UNGUARDED_AVAILABILITY = YES_AGGRESSIVE;
				CLANG_WARN_UNREACHABLE_CODE = YES;
				CLANG_WARN__DUPLICATE_METHOD_MATCH = YES;
				COPY_PHASE_STRIP = NO;
				DEBUG_INFORMATION_FORMAT = dwarf;
				ENABLE_STRICT_OBJC_MSGSEND = YES;
				ENABLE_TESTABILITY = YES;
				GCC_C_LANGUAGE_STANDARD = gnu11;
				GCC_DYNAMIC_NO_PIC = NO;
				GCC_NO_COMMON_BLOCKS = YES;
				GCC_OPTIMIZATION_LEVEL = 0;
				GCC_PREPROCESSOR_DEFINITIONS = (
					"DEBUG=1",
					"$(inherited)",
				);
				GCC_WARN_64_TO_32_BIT_CONVERSION = YES;
				GCC_WARN_ABOUT_RETURN_TYPE = YES_ERROR;
				GCC_WARN_UNDECLARED_SELECTOR = YES;
				GCC_WARN_UNINITIALIZED_AUTOS = YES_AGGRESSIVE;
				GCC_WARN_UNUSED_FUNCTION = YES;
				GCC_WARN_UNUSED_VARIABLE = YES;
				IPHONEOS_DEPLOYMENT_TARGET = 16.2;
				MTL_ENABLE_DEBUG_INFO = INCLUDE_SOURCE;
				MTL_FAST_MATH = YES;
				ONLY_ACTIVE_ARCH = YES;
				SDKROOT = iphoneos;
				SWIFT_ACTIVE_COMPILATION_CONDITIONS = DEBUG;
				SWIFT_OPTIMIZATION_LEVEL = "-Onone";
			};
			name = Debug;
		};
		9DE4FB1A29E1E4940017E7B5 /* Release */ = {
			isa = XCBuildConfiguration;
			buildSettings = {
				ALWAYS_SEARCH_USER_PATHS = NO;
				CLANG_ANALYZER_NONNULL = YES;
				CLANG_ANALYZER_NUMBER_OBJECT_CONVERSION = YES_AGGRESSIVE;
				CLANG_CXX_LANGUAGE_STANDARD = "gnu++20";
				CLANG_ENABLE_MODULES = YES;
				CLANG_ENABLE_OBJC_ARC = YES;
				CLANG_ENABLE_OBJC_WEAK = YES;
				CLANG_WARN_BLOCK_CAPTURE_AUTORELEASING = YES;
				CLANG_WARN_BOOL_CONVERSION = YES;
				CLANG_WARN_COMMA = YES;
				CLANG_WARN_CONSTANT_CONVERSION = YES;
				CLANG_WARN_DEPRECATED_OBJC_IMPLEMENTATIONS = YES;
				CLANG_WARN_DIRECT_OBJC_ISA_USAGE = YES_ERROR;
				CLANG_WARN_DOCUMENTATION_COMMENTS = YES;
				CLANG_WARN_EMPTY_BODY = YES;
				CLANG_WARN_ENUM_CONVERSION = YES;
				CLANG_WARN_INFINITE_RECURSION = YES;
				CLANG_WARN_INT_CONVERSION = YES;
				CLANG_WARN_NON_LITERAL_NULL_CONVERSION = YES;
				CLANG_WARN_OBJC_IMPLICIT_RETAIN_SELF = YES;
				CLANG_WARN_OBJC_LITERAL_CONVERSION = YES;
				CLANG_WARN_OBJC_ROOT_CLASS = YES_ERROR;
				CLANG_WARN_QUOTED_INCLUDE_IN_FRAMEWORK_HEADER = YES;
				CLANG_WARN_RANGE_LOOP_ANALYSIS = YES;
				CLANG_WARN_STRICT_PROTOTYPES = YES;
				CLANG_WARN_SUSPICIOUS_MOVE = YES;
				CLANG_WARN_UNGUARDED_AVAILABILITY = YES_AGGRESSIVE;
				CLANG_WARN_UNREACHABLE_CODE = YES;
				CLANG_WARN__DUPLICATE_METHOD_MATCH = YES;
				COPY_PHASE_STRIP = NO;
				DEBUG_INFORMATION_FORMAT = "dwarf-with-dsym";
				ENABLE_NS_ASSERTIONS = NO;
				ENABLE_STRICT_OBJC_MSGSEND = YES;
				GCC_C_LANGUAGE_STANDARD = gnu11;
				GCC_NO_COMMON_BLOCKS = YES;
				GCC_WARN_64_TO_32_BIT_CONVERSION = YES;
				GCC_WARN_ABOUT_RETURN_TYPE = YES_ERROR;
				GCC_WARN_UNDECLARED_SELECTOR = YES;
				GCC_WARN_UNINITIALIZED_AUTOS = YES_AGGRESSIVE;
				GCC_WARN_UNUSED_FUNCTION = YES;
				GCC_WARN_UNUSED_VARIABLE = YES;
				IPHONEOS_DEPLOYMENT_TARGET = 16.2;
				MTL_ENABLE_DEBUG_INFO = NO;
				MTL_FAST_MATH = YES;
				SDKROOT = iphoneos;
				SWIFT_COMPILATION_MODE = wholemodule;
				SWIFT_OPTIMIZATION_LEVEL = "-O";
				VALIDATE_PRODUCT = YES;
			};
			name = Release;
		};
		9DE4FB1C29E1E4940017E7B5 /* Debug */ = {
			isa = XCBuildConfiguration;
			buildSettings = {
				ASSETCATALOG_COMPILER_APPICON_NAME = AppIcon;
				ASSETCATALOG_COMPILER_GLOBAL_ACCENT_COLOR_NAME = AccentColor;
				CODE_SIGN_STYLE = Automatic;
				CURRENT_PROJECT_VERSION = 1;
				DEVELOPMENT_ASSET_PATHS = "\"ResizableHeaderSwiftUI/Preview Content\"";
				ENABLE_PREVIEWS = YES;
				GENERATE_INFOPLIST_FILE = YES;
				INFOPLIST_KEY_UIApplicationSceneManifest_Generation = YES;
				INFOPLIST_KEY_UIApplicationSupportsIndirectInputEvents = YES;
				INFOPLIST_KEY_UILaunchScreen_Generation = YES;
				INFOPLIST_KEY_UISupportedInterfaceOrientations_iPad = "UIInterfaceOrientationPortrait UIInterfaceOrientationPortraitUpsideDown UIInterfaceOrientationLandscapeLeft UIInterfaceOrientationLandscapeRight";
				INFOPLIST_KEY_UISupportedInterfaceOrientations_iPhone = "UIInterfaceOrientationPortrait UIInterfaceOrientationLandscapeLeft UIInterfaceOrientationLandscapeRight";
				LD_RUNPATH_SEARCH_PATHS = (
					"$(inherited)",
					"@executable_path/Frameworks",
				);
				MARKETING_VERSION = 1.0;
				PRODUCT_BUNDLE_IDENTIFIER = maxvalek.ResizableHeaderSwiftUI;
				PRODUCT_NAME = "$(TARGET_NAME)";
				SWIFT_EMIT_LOC_STRINGS = YES;
				SWIFT_VERSION = 5.0;
				TARGETED_DEVICE_FAMILY = "1,2";
			};
			name = Debug;
		};
		9DE4FB1D29E1E4940017E7B5 /* Release */ = {
			isa = XCBuildConfiguration;
			buildSettings = {
				ASSETCATALOG_COMPILER_APPICON_NAME = AppIcon;
				ASSETCATALOG_COMPILER_GLOBAL_ACCENT_COLOR_NAME = AccentColor;
				CODE_SIGN_STYLE = Automatic;
				CURRENT_PROJECT_VERSION = 1;
				DEVELOPMENT_ASSET_PATHS = "\"ResizableHeaderSwiftUI/Preview Content\"";
				ENABLE_PREVIEWS = YES;
				GENERATE_INFOPLIST_FILE = YES;
				INFOPLIST_KEY_UIApplicationSceneManifest_Generation = YES;
				INFOPLIST_KEY_UIApplicationSupportsIndirectInputEvents = YES;
				INFOPLIST_KEY_UILaunchScreen_Generation = YES;
				INFOPLIST_KEY_UISupportedInterfaceOrientations_iPad = "UIInterfaceOrientationPortrait UIInterfaceOrientationPortraitUpsideDown UIInterfaceOrientationLandscapeLeft UIInterfaceOrientationLandscapeRight";
				INFOPLIST_KEY_UISupportedInterfaceOrientations_iPhone = "UIInterfaceOrientationPortrait UIInterfaceOrientationLandscapeLeft UIInterfaceOrientationLandscapeRight";
				LD_RUNPATH_SEARCH_PATHS = (
					"$(inherited)",
					"@executable_path/Frameworks",
				);
				MARKETING_VERSION = 1.0;
				PRODUCT_BUNDLE_IDENTIFIER = maxvalek.ResizableHeaderSwiftUI;
				PRODUCT_NAME = "$(TARGET_NAME)";
				SWIFT_EMIT_LOC_STRINGS = YES;
				SWIFT_VERSION = 5.0;
				TARGETED_DEVICE_FAMILY = "1,2";
			};
			name = Release;
		};
/* End XCBuildConfiguration section */

/* Begin XCConfigurationList section */
		9DE4FB0829E1E4910017E7B5 /* Build configuration list for PBXProject "ResizableHeaderSwiftUI" */ = {
			isa = XCConfigurationList;
			buildConfigurations = (
				9DE4FB1929E1E4940017E7B5 /* Debug */,
				9DE4FB1A29E1E4940017E7B5 /* Release */,
			);
			defaultConfigurationIsVisible = 0;
			defaultConfigurationName = Release;
		};
		9DE4FB1B29E1E4940017E7B5 /* Build configuration list for PBXNativeTarget "ResizableHeaderSwiftUI" */ = {
			isa = XCConfigurationList;
			buildConfigurations = (
				9DE4FB1C29E1E4940017E7B5 /* Debug */,
				9DE4FB1D29E1E4940017E7B5 /* Release */,
			);
			defaultConfigurationIsVisible = 0;
			defaultConfigurationName = Release;
		};
/* End XCConfigurationList section */
	};
	rootObject = 9DE4FB0529E1E4910017E7B5 /* Project object */;
}
